hash: 3971c4deb8b674d1ad1e11a28f3e2d510ea52198846adfaa1fdda1bbb08be7b6
updated: 2017-06-12T22:08:21.198326704-04:00
imports:
- name: github.com/BurntSushi/toml
  version: b26d9c308763d68093482582cea63d69be07a0f0
- name: github.com/pkg/profile
  version: 5b67d428864e92711fcbd2f8629456121a56d91f
testImports: []
